PODS:
  - GCDWebServer (3.5.4):
    - GCDWebServer/Core (= 3.5.4)
  - GCDWebServer/Core (3.5.4)
  - GCDWebServer/WebDAV (3.5.4):
    - GCDWebServer/Core
  - GCDWebServer/WebUploader (3.5.4):
    - GCDWebServer/Core
  - IceRabbitKit (0.1.0)
  - Masonry (1.1.0)
  - SDWebImage (5.10.2):
    - SDWebImage/Core (= 5.10.2)
  - SDWebImage/Core (5.10.2)
  - YYText (1.0.7)

DEPENDENCIES:
  - GCDWebServer (~> 3.0)
  - GCDWebServer/WebDAV (~> 3.0)
  - GCDWebServer/WebUploader (~> 3.0)
  - IceRabbitKit (from `/Users/mahaomeng/Documents/iOSWorkspace/IceRabbitKit`)
  - Masonry
  - SDWebImage
  - YYText

SPEC REPOS:
  trunk:
    - GCDWebServer
    - Masonry
    - SDWebImage
    - YYText

EXTERNAL SOURCES:
  IceRabbitKit:
    :path: "/Users/mahaomeng/Documents/iOSWorkspace/IceRabbitKit"

SPEC CHECKSUMS:
  GCDWebServer: 2c156a56c8226e2d5c0c3f208a3621ccffbe3ce4
  IceRabbitKit: fd5384bb539c699769abd09944e8900c9246b844
  Masonry: 678fab65091a9290e40e2832a55e7ab731aad201
  SDWebImage: b969dcfc02c40a5da71eac0b03b8f1a0c794a86f
  YYText: 5c461d709e24d55a182d1441c41dc639a18a4849

PODFILE CHECKSUM: f2182063fcf5a7f58bdb2d2294a322d8dcfaca4d

COCOAPODS: 1.10.0
